
Microsoft Visual Studio Solution File, Format Version 12.00
# Visual Studio Version 17
VisualStudioVersion = 17.7.34024.191
MinimumVisualStudioVersion = 10.0.40219.1
Project("{8BC9CEB8-8B4A-11D0-8D11-00A0C91BC942}") = "First ConsoleApplication", "First ConsoleApplication\First ConsoleApplication.vcxproj", "{175EA63B-9BF1-4E34-BA96-380C627CE81C}"
EndProject
Project("{8BC9CEB8-8B4A-11D0-8D11-00A0C91BC942}") = "VariableConsoleApplication", "VariableConsoleApplication\VariableConsoleApplication.vcxproj", "{A5382441-CB4C-4826-9174-72CC60642D31}"
EndProject
Project("{2150E333-8FDC-42A3-9474-1A3956D46DE8}") = "01.Podstawy", "01.Podstawy", "{38D87237-0544-46AE-8F14-97A5C2A004F6}"
EndProject
Project("{2150E333-8FDC-42A3-9474-1A3956D46DE8}") = "02.Instrukcje decyzyjne", "02.Instrukcje decyzyjne", "{64751CD2-8030-4712-B19A-060ACF2F4C13}"
EndProject
Project("{8BC9CEB8-8B4A-11D0-8D11-00A0C91BC942}") = "Instruction_IF", "Instruction_IF\Instruction_IF.vcxproj", "{65B71878-9FD6-4E6F-B86A-7E12CACA7BCC}"
EndProject
Project("{8BC9CEB8-8B4A-11D0-8D11-00A0C91BC942}") = "LoopDoWhileConsoleApplication", "ConsoleApplication\ConsoleApplication.vcxproj", "{731FC477-A59E-4783-9CE0-373B5467E2FD}"
EndProject
Project("{8BC9CEB8-8B4A-11D0-8D11-00A0C91BC942}") = "LooPWhileConsoleApplication", "LooPWhileConsoleApplication\LooPWhileConsoleApplication.vcxproj", "{AC268999-B484-4E4E-9A1E-F2E5499B1A6A}"
EndProject
Project("{8BC9CEB8-8B4A-11D0-8D11-00A0C91BC942}") = "LoopForConsoleApplication", "LoopForConsoleApplication\LoopForConsoleApplication.vcxproj", "{9C327E69-4AE2-4885-B6A7-A9D9032FF7E9}"
EndProject
Project("{2150E333-8FDC-42A3-9474-1A3956D46DE8}") = "03. Kolekcje", "03. Kolekcje", "{FDD458C7-3D2F-4131-8F87-DFC0671B07CC}"
EndProject
Project("{8BC9CEB8-8B4A-11D0-8D11-00A0C91BC942}") = "CharactersConsoleApplication", "CharactersConsoleApplication\CharactersConsoleApplication.vcxproj", "{1BE7F420-2C5F-4A1A-9C6F-14BE39FC0094}"
EndProject
Project("{8BC9CEB8-8B4A-11D0-8D11-00A0C91BC942}") = "ArrayConsoleApplication", "ArrayConsoleApplication\ArrayConsoleApplication.vcxproj", "{30BBFA96-32CB-4D19-AF41-F8787B9F7D4B}"
EndProject
Project("{2150E333-8FDC-42A3-9474-1A3956D46DE8}") = "04.Funkcje", "04.Funkcje", "{DF0E5EDF-EC02-4181-AA9C-7ED42104A9E6}"
EndProject
Project("{8BC9CEB8-8B4A-11D0-8D11-00A0C91BC942}") = "FunctionConsoleApplication", "FunctionConsoleApplication\FunctionConsoleApplication.vcxproj", "{BF31EEAE-2A80-4695-A09D-B71C48F99E6C}"
EndProject
Project("{2150E333-8FDC-42A3-9474-1A3956D46DE8}") = "05.Wskaźniki", "05.Wskaźniki", "{1554A39B-E16A-46BA-96F3-A52262F98396}"
EndProject
Project("{8BC9CEB8-8B4A-11D0-8D11-00A0C91BC942}") = "PointersConsoleApplication", "PointersConsoleApplication\PointersConsoleApplication.vcxproj", "{56D00059-0DA8-4060-A2CC-47B41B39B481}"
EndProject
Project("{2150E333-8FDC-42A3-9474-1A3956D46DE8}") = "06.Zadania", "06.Zadania", "{CBE7E273-EDAC-4BD7-B237-B1BB2B8351F3}"
EndProject
Project("{8BC9CEB8-8B4A-11D0-8D11-00A0C91BC942}") = "TasksConsoleApplication", "ConsoleApplication_Tasks\ConsoleApplication_Tasks.vcxproj", "{D70BD756-64CF-43EC-9606-CD9EB63C9B5F}"
EndProject
Project("{8BC9CEB8-8B4A-11D0-8D11-00A0C91BC942}") = "SnakeConsoleApplication", "SnakeConsoleApplication\SnakeConsoleApplication.vcxproj", "{2957E249-544E-419E-9D88-53B92C49946E}"
EndProject
Project("{8BC9CEB8-8B4A-11D0-8D11-00A0C91BC942}") = "task2", "task2\task2.vcxproj", "{785ED33E-0DFE-48F4-B107-B94B9044EFBB}"
EndProject
Project("{2150E333-8FDC-42A3-9474-1A3956D46DE8}") = "strukturalne", "strukturalne", "{1A2D4F6C-FD8D-4295-8CBF-07B424649832}"
EndProject
Project("{2150E333-8FDC-42A3-9474-1A3956D46DE8}") = "objektowe", "objektowe", "{B22F0E0E-0673-43CA-821D-88E62E6DBFF9}"
EndProject
Project("{2150E333-8FDC-42A3-9474-1A3956D46DE8}") = "1. Struktury", "1. Struktury", "{181AD2B1-A824-43E4-A358-2875F04F5773}"
EndProject
Project("{8BC9CEB8-8B4A-11D0-8D11-00A0C91BC942}") = "FirstStrutcConsoleApplication", "FirstStrudcConsoleApplication\FirstStrudcConsoleApplication.vcxproj", "{EFA93206-FDFE-4B9C-A278-4DEF09BE7590}"
EndProject
Project("{2150E333-8FDC-42A3-9474-1A3956D46DE8}") = "02 Podst Obiektow", "02 Podst Obiektow", "{5E9605B9-E9B3-4AA1-96FC-53D348D3F507}"
EndProject
Project("{8BC9CEB8-8B4A-11D0-8D11-00A0C91BC942}") = "FirstConsoleApplication", "FirstConsoleApplication\FirstConsoleApplication.vcxproj", "{9AC3DC0D-7E96-44D7-87C1-4B4060D1125E}"
EndProject
Project("{8BC9CEB8-8B4A-11D0-8D11-00A0C91BC942}") = "ReadAndWriteToFilesConsoleApplication", "ReadAndWriteToFilesConsoleApplication\ReadAndWriteToFilesConsoleApplication.vcxproj", "{5D1DEB76-67B4-4985-BA57-C56ABE6344C3}"
EndProject
Global
	GlobalSection(SolutionConfigurationPlatforms) = preSolution
		Debug|x64 = Debug|x64
		Debug|x86 = Debug|x86
		Release|x64 = Release|x64
		Release|x86 = Release|x86
	EndGlobalSection
	GlobalSection(ProjectConfigurationPlatforms) = postSolution
		{175EA63B-9BF1-4E34-BA96-380C627CE81C}.Debug|x64.ActiveCfg = Debug|x64
		{175EA63B-9BF1-4E34-BA96-380C627CE81C}.Debug|x64.Build.0 = Debug|x64
		{175EA63B-9BF1-4E34-BA96-380C627CE81C}.Debug|x86.ActiveCfg = Debug|Win32
		{175EA63B-9BF1-4E34-BA96-380C627CE81C}.Debug|x86.Build.0 = Debug|Win32
		{175EA63B-9BF1-4E34-BA96-380C627CE81C}.Release|x64.ActiveCfg = Release|x64
		{175EA63B-9BF1-4E34-BA96-380C627CE81C}.Release|x64.Build.0 = Release|x64
		{175EA63B-9BF1-4E34-BA96-380C627CE81C}.Release|x86.ActiveCfg = Release|Win32
		{175EA63B-9BF1-4E34-BA96-380C627CE81C}.Release|x86.Build.0 = Release|Win32
		{A5382441-CB4C-4826-9174-72CC60642D31}.Debug|x64.ActiveCfg = Debug|x64
		{A5382441-CB4C-4826-9174-72CC60642D31}.Debug|x64.Build.0 = Debug|x64
		{A5382441-CB4C-4826-9174-72CC60642D31}.Debug|x86.ActiveCfg = Debug|Win32
		{A5382441-CB4C-4826-9174-72CC60642D31}.Debug|x86.Build.0 = Debug|Win32
		{A5382441-CB4C-4826-9174-72CC60642D31}.Release|x64.ActiveCfg = Release|x64
		{A5382441-CB4C-4826-9174-72CC60642D31}.Release|x64.Build.0 = Release|x64
		{A5382441-CB4C-4826-9174-72CC60642D31}.Release|x86.ActiveCfg = Release|Win32
		{A5382441-CB4C-4826-9174-72CC60642D31}.Release|x86.Build.0 = Release|Win32
		{65B71878-9FD6-4E6F-B86A-7E12CACA7BCC}.Debug|x64.ActiveCfg = Debug|x64
		{65B71878-9FD6-4E6F-B86A-7E12CACA7BCC}.Debug|x64.Build.0 = Debug|x64
		{65B71878-9FD6-4E6F-B86A-7E12CACA7BCC}.Debug|x86.ActiveCfg = Debug|Win32
		{65B71878-9FD6-4E6F-B86A-7E12CACA7BCC}.Debug|x86.Build.0 = Debug|Win32
		{65B71878-9FD6-4E6F-B86A-7E12CACA7BCC}.Release|x64.ActiveCfg = Release|x64
		{65B71878-9FD6-4E6F-B86A-7E12CACA7BCC}.Release|x64.Build.0 = Release|x64
		{65B71878-9FD6-4E6F-B86A-7E12CACA7BCC}.Release|x86.ActiveCfg = Release|Win32
		{65B71878-9FD6-4E6F-B86A-7E12CACA7BCC}.Release|x86.Build.0 = Release|Win32
		{731FC477-A59E-4783-9CE0-373B5467E2FD}.Debug|x64.ActiveCfg = Debug|x64
		{731FC477-A59E-4783-9CE0-373B5467E2FD}.Debug|x64.Build.0 = Debug|x64
		{731FC477-A59E-4783-9CE0-373B5467E2FD}.Debug|x86.ActiveCfg = Debug|Win32
		{731FC477-A59E-4783-9CE0-373B5467E2FD}.Debug|x86.Build.0 = Debug|Win32
		{731FC477-A59E-4783-9CE0-373B5467E2FD}.Release|x64.ActiveCfg = Release|x64
		{731FC477-A59E-4783-9CE0-373B5467E2FD}.Release|x64.Build.0 = Release|x64
		{731FC477-A59E-4783-9CE0-373B5467E2FD}.Release|x86.ActiveCfg = Release|Win32
		{731FC477-A59E-4783-9CE0-373B5467E2FD}.Release|x86.Build.0 = Release|Win32
		{AC268999-B484-4E4E-9A1E-F2E5499B1A6A}.Debug|x64.ActiveCfg = Debug|x64
		{AC268999-B484-4E4E-9A1E-F2E5499B1A6A}.Debug|x64.Build.0 = Debug|x64
		{AC268999-B484-4E4E-9A1E-F2E5499B1A6A}.Debug|x86.ActiveCfg = Debug|Win32
		{AC268999-B484-4E4E-9A1E-F2E5499B1A6A}.Debug|x86.Build.0 = Debug|Win32
		{AC268999-B484-4E4E-9A1E-F2E5499B1A6A}.Release|x64.ActiveCfg = Release|x64
		{AC268999-B484-4E4E-9A1E-F2E5499B1A6A}.Release|x64.Build.0 = Release|x64
		{AC268999-B484-4E4E-9A1E-F2E5499B1A6A}.Release|x86.ActiveCfg = Release|Win32
		{AC268999-B484-4E4E-9A1E-F2E5499B1A6A}.Release|x86.Build.0 = Release|Win32
		{9C327E69-4AE2-4885-B6A7-A9D9032FF7E9}.Debug|x64.ActiveCfg = Debug|x64
		{9C327E69-4AE2-4885-B6A7-A9D9032FF7E9}.Debug|x64.Build.0 = Debug|x64
		{9C327E69-4AE2-4885-B6A7-A9D9032FF7E9}.Debug|x86.ActiveCfg = Debug|Win32
		{9C327E69-4AE2-4885-B6A7-A9D9032FF7E9}.Debug|x86.Build.0 = Debug|Win32
		{9C327E69-4AE2-4885-B6A7-A9D9032FF7E9}.Release|x64.ActiveCfg = Release|x64
		{9C327E69-4AE2-4885-B6A7-A9D9032FF7E9}.Release|x64.Build.0 = Release|x64
		{9C327E69-4AE2-4885-B6A7-A9D9032FF7E9}.Release|x86.ActiveCfg = Release|Win32
		{9C327E69-4AE2-4885-B6A7-A9D9032FF7E9}.Release|x86.Build.0 = Release|Win32
		{1BE7F420-2C5F-4A1A-9C6F-14BE39FC0094}.Debug|x64.ActiveCfg = Debug|x64
		{1BE7F420-2C5F-4A1A-9C6F-14BE39FC0094}.Debug|x64.Build.0 = Debug|x64
		{1BE7F420-2C5F-4A1A-9C6F-14BE39FC0094}.Debug|x86.ActiveCfg = Debug|Win32
		{1BE7F420-2C5F-4A1A-9C6F-14BE39FC0094}.Debug|x86.Build.0 = Debug|Win32
		{1BE7F420-2C5F-4A1A-9C6F-14BE39FC0094}.Release|x64.ActiveCfg = Release|x64
		{1BE7F420-2C5F-4A1A-9C6F-14BE39FC0094}.Release|x64.Build.0 = Release|x64
		{1BE7F420-2C5F-4A1A-9C6F-14BE39FC0094}.Release|x86.ActiveCfg = Release|Win32
		{1BE7F420-2C5F-4A1A-9C6F-14BE39FC0094}.Release|x86.Build.0 = Release|Win32
		{30BBFA96-32CB-4D19-AF41-F8787B9F7D4B}.Debug|x64.ActiveCfg = Debug|x64
		{30BBFA96-32CB-4D19-AF41-F8787B9F7D4B}.Debug|x64.Build.0 = Debug|x64
		{30BBFA96-32CB-4D19-AF41-F8787B9F7D4B}.Debug|x86.ActiveCfg = Debug|Win32
		{30BBFA96-32CB-4D19-AF41-F8787B9F7D4B}.Debug|x86.Build.0 = Debug|Win32
		{30BBFA96-32CB-4D19-AF41-F8787B9F7D4B}.Release|x64.ActiveCfg = Release|x64
		{30BBFA96-32CB-4D19-AF41-F8787B9F7D4B}.Release|x64.Build.0 = Release|x64
		{30BBFA96-32CB-4D19-AF41-F8787B9F7D4B}.Release|x86.ActiveCfg = Release|Win32
		{30BBFA96-32CB-4D19-AF41-F8787B9F7D4B}.Release|x86.Build.0 = Release|Win32
		{BF31EEAE-2A80-4695-A09D-B71C48F99E6C}.Debug|x64.ActiveCfg = Debug|x64
		{BF31EEAE-2A80-4695-A09D-B71C48F99E6C}.Debug|x64.Build.0 = Debug|x64
		{BF31EEAE-2A80-4695-A09D-B71C48F99E6C}.Debug|x86.ActiveCfg = Debug|Win32
		{BF31EEAE-2A80-4695-A09D-B71C48F99E6C}.Debug|x86.Build.0 = Debug|Win32
		{BF31EEAE-2A80-4695-A09D-B71C48F99E6C}.Release|x64.ActiveCfg = Release|x64
		{BF31EEAE-2A80-4695-A09D-B71C48F99E6C}.Release|x64.Build.0 = Release|x64
		{BF31EEAE-2A80-4695-A09D-B71C48F99E6C}.Release|x86.ActiveCfg = Release|Win32
		{BF31EEAE-2A80-4695-A09D-B71C48F99E6C}.Release|x86.Build.0 = Release|Win32
		{56D00059-0DA8-4060-A2CC-47B41B39B481}.Debug|x64.ActiveCfg = Debug|x64
		{56D00059-0DA8-4060-A2CC-47B41B39B481}.Debug|x64.Build.0 = Debug|x64
		{56D00059-0DA8-4060-A2CC-47B41B39B481}.Debug|x86.ActiveCfg = Debug|Win32
		{56D00059-0DA8-4060-A2CC-47B41B39B481}.Debug|x86.Build.0 = Debug|Win32
		{56D00059-0DA8-4060-A2CC-47B41B39B481}.Release|x64.ActiveCfg = Release|x64
		{56D00059-0DA8-4060-A2CC-47B41B39B481}.Release|x64.Build.0 = Release|x64
		{56D00059-0DA8-4060-A2CC-47B41B39B481}.Release|x86.ActiveCfg = Release|Win32
		{56D00059-0DA8-4060-A2CC-47B41B39B481}.Release|x86.Build.0 = Release|Win32
		{D70BD756-64CF-43EC-9606-CD9EB63C9B5F}.Debug|x64.ActiveCfg = Debug|x64
		{D70BD756-64CF-43EC-9606-CD9EB63C9B5F}.Debug|x64.Build.0 = Debug|x64
		{D70BD756-64CF-43EC-9606-CD9EB63C9B5F}.Debug|x86.ActiveCfg = Debug|Win32
		{D70BD756-64CF-43EC-9606-CD9EB63C9B5F}.Debug|x86.Build.0 = Debug|Win32
		{D70BD756-64CF-43EC-9606-CD9EB63C9B5F}.Release|x64.ActiveCfg = Release|x64
		{D70BD756-64CF-43EC-9606-CD9EB63C9B5F}.Release|x64.Build.0 = Release|x64
		{D70BD756-64CF-43EC-9606-CD9EB63C9B5F}.Release|x86.ActiveCfg = Release|Win32
		{D70BD756-64CF-43EC-9606-CD9EB63C9B5F}.Release|x86.Build.0 = Release|Win32
		{2957E249-544E-419E-9D88-53B92C49946E}.Debug|x64.ActiveCfg = Debug|x64
		{2957E249-544E-419E-9D88-53B92C49946E}.Debug|x64.Build.0 = Debug|x64
		{2957E249-544E-419E-9D88-53B92C49946E}.Debug|x86.ActiveCfg = Debug|Win32
		{2957E249-544E-419E-9D88-53B92C49946E}.Debug|x86.Build.0 = Debug|Win32
		{2957E249-544E-419E-9D88-53B92C49946E}.Release|x64.ActiveCfg = Release|x64
		{2957E249-544E-419E-9D88-53B92C49946E}.Release|x64.Build.0 = Release|x64
		{2957E249-544E-419E-9D88-53B92C49946E}.Release|x86.ActiveCfg = Release|Win32
		{2957E249-544E-419E-9D88-53B92C49946E}.Release|x86.Build.0 = Release|Win32
		{785ED33E-0DFE-48F4-B107-B94B9044EFBB}.Debug|x64.ActiveCfg = Debug|x64
		{785ED33E-0DFE-48F4-B107-B94B9044EFBB}.Debug|x64.Build.0 = Debug|x64
		{785ED33E-0DFE-48F4-B107-B94B9044EFBB}.Debug|x86.ActiveCfg = Debug|Win32
		{785ED33E-0DFE-48F4-B107-B94B9044EFBB}.Debug|x86.Build.0 = Debug|Win32
		{785ED33E-0DFE-48F4-B107-B94B9044EFBB}.Release|x64.ActiveCfg = Release|x64
		{785ED33E-0DFE-48F4-B107-B94B9044EFBB}.Release|x64.Build.0 = Release|x64
		{785ED33E-0DFE-48F4-B107-B94B9044EFBB}.Release|x86.ActiveCfg = Release|Win32
		{785ED33E-0DFE-48F4-B107-B94B9044EFBB}.Release|x86.Build.0 = Release|Win32
		{EFA93206-FDFE-4B9C-A278-4DEF09BE7590}.Debug|x64.ActiveCfg = Debug|x64
		{EFA93206-FDFE-4B9C-A278-4DEF09BE7590}.Debug|x64.Build.0 = Debug|x64
		{EFA93206-FDFE-4B9C-A278-4DEF09BE7590}.Debug|x86.ActiveCfg = Debug|Win32
		{EFA93206-FDFE-4B9C-A278-4DEF09BE7590}.Debug|x86.Build.0 = Debug|Win32
		{EFA93206-FDFE-4B9C-A278-4DEF09BE7590}.Release|x64.ActiveCfg = Release|x64
		{EFA93206-FDFE-4B9C-A278-4DEF09BE7590}.Release|x64.Build.0 = Release|x64
		{EFA93206-FDFE-4B9C-A278-4DEF09BE7590}.Release|x86.ActiveCfg = Release|Win32
		{EFA93206-FDFE-4B9C-A278-4DEF09BE7590}.Release|x86.Build.0 = Release|Win32
		{9AC3DC0D-7E96-44D7-87C1-4B4060D1125E}.Debug|x64.ActiveCfg = Debug|x64
		{9AC3DC0D-7E96-44D7-87C1-4B4060D1125E}.Debug|x64.Build.0 = Debug|x64
		{9AC3DC0D-7E96-44D7-87C1-4B4060D1125E}.Debug|x86.ActiveCfg = Debug|Win32
		{9AC3DC0D-7E96-44D7-87C1-4B4060D1125E}.Debug|x86.Build.0 = Debug|Win32
		{9AC3DC0D-7E96-44D7-87C1-4B4060D1125E}.Release|x64.ActiveCfg = Release|x64
		{9AC3DC0D-7E96-44D7-87C1-4B4060D1125E}.Release|x64.Build.0 = Release|x64
		{9AC3DC0D-7E96-44D7-87C1-4B4060D1125E}.Release|x86.ActiveCfg = Release|Win32
		{9AC3DC0D-7E96-44D7-87C1-4B4060D1125E}.Release|x86.Build.0 = Release|Win32
		{5D1DEB76-67B4-4985-BA57-C56ABE6344C3}.Debug|x64.ActiveCfg = Debug|x64
		{5D1DEB76-67B4-4985-BA57-C56ABE6344C3}.Debug|x64.Build.0 = Debug|x64
		{5D1DEB76-67B4-4985-BA57-C56ABE6344C3}.Debug|x86.ActiveCfg = Debug|Win32
		{5D1DEB76-67B4-4985-BA57-C56ABE6344C3}.Debug|x86.Build.0 = Debug|Win32
		{5D1DEB76-67B4-4985-BA57-C56ABE6344C3}.Release|x64.ActiveCfg = Release|x64
		{5D1DEB76-67B4-4985-BA57-C56ABE6344C3}.Release|x64.Build.0 = Release|x64
		{5D1DEB76-67B4-4985-BA57-C56ABE6344C3}.Release|x86.ActiveCfg = Release|Win32
		{5D1DEB76-67B4-4985-BA57-C56ABE6344C3}.Release|x86.Build.0 = Release|Win32
	EndGlobalSection
	GlobalSection(SolutionProperties) = preSolution
		HideSolutionNode = FALSE
	EndGlobalSection
	GlobalSection(NestedProjects) = preSolution
		{175EA63B-9BF1-4E34-BA96-380C627CE81C} = {38D87237-0544-46AE-8F14-97A5C2A004F6}
		{A5382441-CB4C-4826-9174-72CC60642D31} = {38D87237-0544-46AE-8F14-97A5C2A004F6}
		{38D87237-0544-46AE-8F14-97A5C2A004F6} = {1A2D4F6C-FD8D-4295-8CBF-07B424649832}
		{64751CD2-8030-4712-B19A-060ACF2F4C13} = {1A2D4F6C-FD8D-4295-8CBF-07B424649832}
		{65B71878-9FD6-4E6F-B86A-7E12CACA7BCC} = {64751CD2-8030-4712-B19A-060ACF2F4C13}
		{731FC477-A59E-4783-9CE0-373B5467E2FD} = {64751CD2-8030-4712-B19A-060ACF2F4C13}
		{AC268999-B484-4E4E-9A1E-F2E5499B1A6A} = {64751CD2-8030-4712-B19A-060ACF2F4C13}
		{9C327E69-4AE2-4885-B6A7-A9D9032FF7E9} = {64751CD2-8030-4712-B19A-060ACF2F4C13}
		{FDD458C7-3D2F-4131-8F87-DFC0671B07CC} = {1A2D4F6C-FD8D-4295-8CBF-07B424649832}
		{1BE7F420-2C5F-4A1A-9C6F-14BE39FC0094} = {FDD458C7-3D2F-4131-8F87-DFC0671B07CC}
		{30BBFA96-32CB-4D19-AF41-F8787B9F7D4B} = {FDD458C7-3D2F-4131-8F87-DFC0671B07CC}
		{DF0E5EDF-EC02-4181-AA9C-7ED42104A9E6} = {1A2D4F6C-FD8D-4295-8CBF-07B424649832}
		{BF31EEAE-2A80-4695-A09D-B71C48F99E6C} = {DF0E5EDF-EC02-4181-AA9C-7ED42104A9E6}
		{1554A39B-E16A-46BA-96F3-A52262F98396} = {1A2D4F6C-FD8D-4295-8CBF-07B424649832}
		{56D00059-0DA8-4060-A2CC-47B41B39B481} = {1554A39B-E16A-46BA-96F3-A52262F98396}
		{CBE7E273-EDAC-4BD7-B237-B1BB2B8351F3} = {1A2D4F6C-FD8D-4295-8CBF-07B424649832}
		{D70BD756-64CF-43EC-9606-CD9EB63C9B5F} = {CBE7E273-EDAC-4BD7-B237-B1BB2B8351F3}
		{2957E249-544E-419E-9D88-53B92C49946E} = {CBE7E273-EDAC-4BD7-B237-B1BB2B8351F3}
		{785ED33E-0DFE-48F4-B107-B94B9044EFBB} = {CBE7E273-EDAC-4BD7-B237-B1BB2B8351F3}
		{181AD2B1-A824-43E4-A358-2875F04F5773} = {B22F0E0E-0673-43CA-821D-88E62E6DBFF9}
		{EFA93206-FDFE-4B9C-A278-4DEF09BE7590} = {181AD2B1-A824-43E4-A358-2875F04F5773}
		{5E9605B9-E9B3-4AA1-96FC-53D348D3F507} = {B22F0E0E-0673-43CA-821D-88E62E6DBFF9}
		{9AC3DC0D-7E96-44D7-87C1-4B4060D1125E} = {5E9605B9-E9B3-4AA1-96FC-53D348D3F507}
		{5D1DEB76-67B4-4985-BA57-C56ABE6344C3} = {5E9605B9-E9B3-4AA1-96FC-53D348D3F507}
	EndGlobalSection
	GlobalSection(ExtensibilityGlobals) = postSolution
		SolutionGuid = {56F6D548-668F-4DCF-B4AF-05BBF7C0E832}
	EndGlobalSection
EndGlobal
